# generated by rye
# use `rye lock` or `rye sync` to update this lockfile
#
# last locked with the following flags:
#   pre: false
#   features: []
#   all-features: false
#   with-sources: false
#   generate-hashes: false
#   universal: false

-e file:.
evdev==1.7.1
    # via kde-auto-touch-mode
pycairo==1.26.1
    # via pygobject
pygobject==3.48.2
    # via kde-auto-touch-mode
